// !$*UTF8*$!
{
	archiveVersion = 1;
	classes = {
	};
	objectVersion = 46;
	objects = {

/* Begin PBXBuildFile section */
		7F2066BF3B5AFCA361507711 /* Pods_bookEasy.framework in Frameworks */ = {isa = PBXBuildFile; fileRef = 9242BCC385BCDCA280E41785 /* Pods_bookEasy.framework */; };
		842627C81E5D307C00FBD47E /* AppDelegate.swift in Sources */ = {isa = PBXBuildFile; fileRef = 842627C71E5D307C00FBD47E /* AppDelegate.swift */; };
		842627CA1E5D307C00FBD47E /* ViewController.swift in Sources */ = {isa = PBXBuildFile; fileRef = 842627C91E5D307C00FBD47E /* ViewController.swift */; };
		842627CF1E5D307C00FBD47E /* Assets.xcassets in Resources */ = {isa = PBXBuildFile; fileRef = 842627CE1E5D307C00FBD47E /* Assets.xcassets */; };
		842627D21E5D307C00FBD47E /* LaunchScreen.storyboard in Resources */ = {isa = PBXBuildFile; fileRef = 842627D01E5D307C00FBD47E /* LaunchScreen.storyboard */; };
		842627DB1E5D3C3300FBD47E /* ProjectDetailViewController.swift in Sources */ = {isa = PBXBuildFile; fileRef = 842627D91E5D3C3300FBD47E /* ProjectDetailViewController.swift */; };
		842627DC1E5D3C3300FBD47E /* ProjectDetailViewController.xib in Resources */ = {isa = PBXBuildFile; fileRef = 842627DA1E5D3C3300FBD47E /* ProjectDetailViewController.xib */; };
		842627E61E5D3D3F00FBD47E /* DescriptionTableViewCell.xib in Resources */ = {isa = PBXBuildFile; fileRef = 842627E41E5D3D3F00FBD47E /* DescriptionTableViewCell.xib */; };
		842627F41E5D55B100FBD47E /* sign-check-icon.png in Resources */ = {isa = PBXBuildFile; fileRef = 842627F31E5D55B100FBD47E /* sign-check-icon.png */; };
		84B666101E5D5FB100941CFE /* propertyCover.jpg in Resources */ = {isa = PBXBuildFile; fileRef = 84B6660F1E5D5FB100941CFE /* propertyCover.jpg */; };
		84B666121E5D644400941CFE /* DescriptionTableViewCell.swift in Sources */ = {isa = PBXBuildFile; fileRef = 84B666111E5D644400941CFE /* DescriptionTableViewCell.swift */; };
		84B666191E5D6CA200941CFE /* ImagesTableViewCell.swift in Sources */ = {isa = PBXBuildFile; fileRef = 84B666171E5D6CA200941CFE /* ImagesTableViewCell.swift */; };
		84B6661A1E5D6CA200941CFE /* ImagesTableViewCell.xib in Resources */ = {isa = PBXBuildFile; fileRef = 84B666181E5D6CA200941CFE /* ImagesTableViewCell.xib */; };
		84B6661C1E5D6CCE00941CFE /* mapview.png in Resources */ = {isa = PBXBuildFile; fileRef = 84B6661B1E5D6CCE00941CFE /* mapview.png */; };
		84B6661E1E5D733F00941CFE /* floorplan.png in Resources */ = {isa = PBXBuildFile; fileRef = 84B6661D1E5D733F00941CFE /* floorplan.png */; };
		84B666201E5D78F700941CFE /* playicon.png in Resources */ = {isa = PBXBuildFile; fileRef = 84B6661F1E5D78F700941CFE /* playicon.png */; };
		84B666231E5D81F000941CFE /* FloorPlanTableViewCell.swift in Sources */ = {isa = PBXBuildFile; fileRef = 84B666211E5D81F000941CFE /* FloorPlanTableViewCell.swift */; };
		84B666241E5D81F000941CFE /* FloorPlanTableViewCell.xib in Resources */ = {isa = PBXBuildFile; fileRef = 84B666221E5D81F000941CFE /* FloorPlanTableViewCell.xib */; };
		84B666281E5D85F600941CFE /* UnitSelectionViewController.swift in Sources */ = {isa = PBXBuildFile; fileRef = 84B666261E5D85F600941CFE /* UnitSelectionViewController.swift */; };
		84B666291E5D85F600941CFE /* UnitSelectionViewController.xib in Resources */ = {isa = PBXBuildFile; fileRef = 84B666271E5D85F600941CFE /* UnitSelectionViewController.xib */; };
		84B6662C1E5D8B7F00941CFE /* UnitCollectionViewCell.swift in Sources */ = {isa = PBXBuildFile; fileRef = 84B6662A1E5D8B7F00941CFE /* UnitCollectionViewCell.swift */; };
		84B6662D1E5D8B7F00941CFE /* UnitCollectionViewCell.xib in Resources */ = {isa = PBXBuildFile; fileRef = 84B6662B1E5D8B7F00941CFE /* UnitCollectionViewCell.xib */; };
		84B6662F1E5D8C0700941CFE /* houseicon.png in Resources */ = {isa = PBXBuildFile; fileRef = 84B6662E1E5D8C0700941CFE /* houseicon.png */; };
		84B666371E5DCD9300941CFE /* mahsing.png in Resources */ = {isa = PBXBuildFile; fileRef = 84B666311E5DCD9300941CFE /* mahsing.png */; };
		84B666381E5DCD9300941CFE /* project1.jpeg in Resources */ = {isa = PBXBuildFile; fileRef = 84B666321E5DCD9300941CFE /* project1.jpeg */; };
		84B666391E5DCD9300941CFE /* project2.jpg in Resources */ = {isa = PBXBuildFile; fileRef = 84B666331E5DCD9300941CFE /* project2.jpg */; };
		84B6663A1E5DCD9300941CFE /* project3.jpg in Resources */ = {isa = PBXBuildFile; fileRef = 84B666341E5DCD9300941CFE /* project3.jpg */; };
		84B6663B1E5DCD9300941CFE /* SmeDarby.gif in Resources */ = {isa = PBXBuildFile; fileRef = 84B666351E5DCD9300941CFE /* SmeDarby.gif */; };
		84B6663C1E5DCD9300941CFE /* SP-Setia.png in Resources */ = {isa = PBXBuildFile; fileRef = 84B666361E5DCD9300941CFE /* SP-Setia.png */; };
		84B666451E5DCDCB00941CFE /* DeveloperDevelopmentTableViewCell.swift in Sources */ = {isa = PBXBuildFile; fileRef = 84B6663E1E5DCDCB00941CFE /* DeveloperDevelopmentTableViewCell.swift */; };
		84B666461E5DCDCB00941CFE /* DeveloperDevelopmentTableViewCell.xib in Resources */ = {isa = PBXBuildFile; fileRef = 84B6663F1E5DCDCB00941CFE /* DeveloperDevelopmentTableViewCell.xib */; };
		84B666471E5DCDCB00941CFE /* DeveloperDevelopmentViewController.swift in Sources */ = {isa = PBXBuildFile; fileRef = 84B666401E5DCDCB00941CFE /* DeveloperDevelopmentViewController.swift */; };
		84B666481E5DCDCB00941CFE /* DeveloperViewController.swift in Sources */ = {isa = PBXBuildFile; fileRef = 84B666411E5DCDCB00941CFE /* DeveloperViewController.swift */; };
		84B666491E5DCDCB00941CFE /* DeveloperViewController.xib in Resources */ = {isa = PBXBuildFile; fileRef = 84B666421E5DCDCB00941CFE /* DeveloperViewController.xib */; };
		84B6664A1E5DCDCB00941CFE /* DevelopmentViewController.swift in Sources */ = {isa = PBXBuildFile; fileRef = 84B666431E5DCDCB00941CFE /* DevelopmentViewController.swift */; };
		84B6664B1E5DCDCB00941CFE /* DevelopmentViewController.xib in Resources */ = {isa = PBXBuildFile; fileRef = 84B666441E5DCDCB00941CFE /* DevelopmentViewController.xib */; };
/* End PBXBuildFile section */

/* Begin PBXFileReference section */
		842627C41E5D307C00FBD47E /* bookEasy.app */ = {isa = PBXFileReference; explicitFileType = wrapper.application; includeInIndex = 0; path = bookEasy.app; sourceTree = BUILT_PRODUCTS_DIR; };
		842627C71E5D307C00FBD47E /* AppDelegate.swift */ = {isa = PBXFileReference; lastKnownFileType = sourcecode.swift; path = AppDelegate.swift; sourceTree = "<group>"; };
		842627C91E5D307C00FBD47E /* ViewController.swift */ = {isa = PBXFileReference; lastKnownFileType = sourcecode.swift; path = ViewController.swift; sourceTree = "<group>"; };
		842627CE1E5D307C00FBD47E /* Assets.xcassets */ = {isa = PBXFileReference; lastKnownFileType = folder.assetcatalog; path = Assets.xcassets; sourceTree = "<group>"; };
		842627D11E5D307C00FBD47E /* Base */ = {isa = PBXFileReference; lastKnownFileType = file.storyboard; name = Base; path = Base.lproj/LaunchScreen.storyboard; sourceTree = "<group>"; };
		842627D31E5D307C00FBD47E /* Info.plist */ = {isa = PBXFileReference; lastKnownFileType = text.plist.xml; path = Info.plist; sourceTree = "<group>"; };
		842627D91E5D3C3300FBD47E /* ProjectDetailViewController.swift */ = {isa = PBXFileReference; fileEncoding = 4; lastKnownFileType = sourcecode.swift; path = ProjectDetailViewController.swift; sourceTree = "<group>"; };
		842627DA1E5D3C3300FBD47E /* ProjectDetailViewController.xib */ = {isa = PBXFileReference; fileEncoding = 4; lastKnownFileType = file.xib; path = ProjectDetailViewController.xib; sourceTree = "<group>"; };
		842627E41E5D3D3F00FBD47E /* DescriptionTableViewCell.xib */ = {isa = PBXFileReference; fileEncoding = 4; lastKnownFileType = file.xib; path = DescriptionTableViewCell.xib; sourceTree = "<group>"; };
		842627F31E5D55B100FBD47E /* sign-check-icon.png */ = {isa = PBXFileReference; lastKnownFileType = image.png; path = "sign-check-icon.png"; sourceTree = "<group>"; };
		84B6660F1E5D5FB100941CFE /* propertyCover.jpg */ = {isa = PBXFileReference; lastKnownFileType = image.jpeg; path = propertyCover.jpg; sourceTree = "<group>"; };
		84B666111E5D644400941CFE /* DescriptionTableViewCell.swift */ = {isa = PBXFileReference; fileEncoding = 4; lastKnownFileType = sourcecode.swift; path = DescriptionTableViewCell.swift; sourceTree = "<group>"; };
		84B666171E5D6CA200941CFE /* ImagesTableViewCell.swift */ = {isa = PBXFileReference; fileEncoding = 4; lastKnownFileType = sourcecode.swift; path = ImagesTableViewCell.swift; sourceTree = "<group>"; };
		84B666181E5D6CA200941CFE /* ImagesTableViewCell.xib */ = {isa = PBXFileReference; fileEncoding = 4; lastKnownFileType = file.xib; path = ImagesTableViewCell.xib; sourceTree = "<group>"; };
		84B6661B1E5D6CCE00941CFE /* mapview.png */ = {isa = PBXFileReference; lastKnownFileType = image.png; path = mapview.png; sourceTree = "<group>"; };
		84B6661D1E5D733F00941CFE /* floorplan.png */ = {isa = PBXFileReference; lastKnownFileType = image.png; path = floorplan.png; sourceTree = "<group>"; };
		84B6661F1E5D78F700941CFE /* playicon.png */ = {isa = PBXFileReference; lastKnownFileType = image.png; path = playicon.png; sourceTree = "<group>"; };
		84B666211E5D81F000941CFE /* FloorPlanTableViewCell.swift */ = {isa = PBXFileReference; fileEncoding = 4; lastKnownFileType = sourcecode.swift; path = FloorPlanTableViewCell.swift; sourceTree = "<group>"; };
		84B666221E5D81F000941CFE /* FloorPlanTableViewCell.xib */ = {isa = PBXFileReference; fileEncoding = 4; lastKnownFileType = file.xib; path = FloorPlanTableViewCell.xib; sourceTree = "<group>"; };
		84B666261E5D85F600941CFE /* UnitSelectionViewController.swift */ = {isa = PBXFileReference; fileEncoding = 4; lastKnownFileType = sourcecode.swift; path = UnitSelectionViewController.swift; sourceTree = "<group>"; };
		84B666271E5D85F600941CFE /* UnitSelectionViewController.xib */ = {isa = PBXFileReference; fileEncoding = 4; lastKnownFileType = file.xib; path = UnitSelectionViewController.xib; sourceTree = "<group>"; };
		84B6662A1E5D8B7F00941CFE /* UnitCollectionViewCell.swift */ = {isa = PBXFileReference; fileEncoding = 4; lastKnownFileType = sourcecode.swift; path = UnitCollectionViewCell.swift; sourceTree = "<group>"; };
		84B6662B1E5D8B7F00941CFE /* UnitCollectionViewCell.xib */ = {isa = PBXFileReference; fileEncoding = 4; lastKnownFileType = file.xib; path = UnitCollectionViewCell.xib; sourceTree = "<group>"; };
		84B6662E1E5D8C0700941CFE /* houseicon.png */ = {isa = PBXFileReference; lastKnownFileType = image.png; path = houseicon.png; sourceTree = "<group>"; };
		84B666311E5DCD9300941CFE /* mahsing.png */ = {isa = PBXFileReference; lastKnownFileType = image.png; path = mahsing.png; sourceTree = "<group>"; };
		84B666321E5DCD9300941CFE /* project1.jpeg */ = {isa = PBXFileReference; lastKnownFileType = image.jpeg; path = project1.jpeg; sourceTree = "<group>"; };
		84B666331E5DCD9300941CFE /* project2.jpg */ = {isa = PBXFileReference; lastKnownFileType = image.jpeg; path = project2.jpg; sourceTree = "<group>"; };
		84B666341E5DCD9300941CFE /* project3.jpg */ = {isa = PBXFileReference; lastKnownFileType = image.jpeg; path = project3.jpg; sourceTree = "<group>"; };
		84B666351E5DCD9300941CFE /* SmeDarby.gif */ = {isa = PBXFileReference; lastKnownFileType = image.gif; path = SmeDarby.gif; sourceTree = "<group>"; };
		84B666361E5DCD9300941CFE /* SP-Setia.png */ = {isa = PBXFileReference; lastKnownFileType = image.png; path = "SP-Setia.png"; sourceTree = "<group>"; };
		84B6663E1E5DCDCB00941CFE /* DeveloperDevelopmentTableViewCell.swift */ = {isa = PBXFileReference; fileEncoding = 4; lastKnownFileType = sourcecode.swift; path = DeveloperDevelopmentTableViewCell.swift; sourceTree = "<group>"; };
		84B6663F1E5DCDCB00941CFE /* DeveloperDevelopmentTableViewCell.xib */ = {isa = PBXFileReference; fileEncoding = 4; lastKnownFileType = file.xib; path = DeveloperDevelopmentTableViewCell.xib; sourceTree = "<group>"; };
		84B666401E5DCDCB00941CFE /* DeveloperDevelopmentViewController.swift */ = {isa = PBXFileReference; fileEncoding = 4; lastKnownFileType = sourcecode.swift; path = DeveloperDevelopmentViewController.swift; sourceTree = "<group>"; };
		84B666411E5DCDCB00941CFE /* DeveloperViewController.swift */ = {isa = PBXFileReference; fileEncoding = 4; lastKnownFileType = sourcecode.swift; path = DeveloperViewController.swift; sourceTree = "<group>"; };
		84B666421E5DCDCB00941CFE /* DeveloperViewController.xib */ = {isa = PBXFileReference; fileEncoding = 4; lastKnownFileType = file.xib; path = DeveloperViewController.xib; sourceTree = "<group>"; };
		84B666431E5DCDCB00941CFE /* DevelopmentViewController.swift */ = {isa = PBXFileReference; fileEncoding = 4; lastKnownFileType = sourcecode.swift; path = DevelopmentViewController.swift; sourceTree = "<group>"; };
		84B666441E5DCDCB00941CFE /* DevelopmentViewController.xib */ = {isa = PBXFileReference; fileEncoding = 4; lastKnownFileType = file.xib; path = DevelopmentViewController.xib; sourceTree = "<group>"; };
		85BB6EBFD75D04F211644073 /* Pods-bookEasy.debug.xcconfig */ = {isa = PBXFileReference; includeInIndex = 1; lastKnownFileType = text.xcconfig; name = "Pods-bookEasy.debug.xcconfig"; path = "Pods/Target Support Files/Pods-bookEasy/Pods-bookEasy.debug.xcconfig"; sourceTree = "<group>"; };
		901553484F02630F277F3EF5 /* Pods-bookEasy.release.xcconfig */ = {isa = PBXFileReference; includeInIndex = 1; lastKnownFileType = text.xcconfig; name = "Pods-bookEasy.release.xcconfig"; path = "Pods/Target Support Files/Pods-bookEasy/Pods-bookEasy.release.xcconfig"; sourceTree = "<group>"; };
		9242BCC385BCDCA280E41785 /* Pods_bookEasy.framework */ = {isa = PBXFileReference; explicitFileType = wrapper.framework; includeInIndex = 0; path = Pods_bookEasy.framework; sourceTree = BUILT_PRODUCTS_DIR; };
/* End PBXFileReference section */

/* Begin PBXFrameworksBuildPhase section */
		842627C11E5D307C00FBD47E /* Frameworks */ = {
			isa = PBXFrameworksBuildPhase;
			buildActionMask = 2147483647;
			files = (
				7F2066BF3B5AFCA361507711 /* Pods_bookEasy.framework in Frameworks */,
			);
			runOnlyForDeploymentPostprocessing = 0;
		};
/* End PBXFrameworksBuildPhase section */

/* Begin PBXGroup section */
		03C6D44750FB006B0243DA46 /* Frameworks */ = {
			isa = PBXGroup;
			children = (
				9242BCC385BCDCA280E41785 /* Pods_bookEasy.framework */,
			);
			name = Frameworks;
			sourceTree = "<group>";
		};
		6436A8A3C4E27E58721F73E9 /* Pods */ = {
			isa = PBXGroup;
			children = (
				85BB6EBFD75D04F211644073 /* Pods-bookEasy.debug.xcconfig */,
				901553484F02630F277F3EF5 /* Pods-bookEasy.release.xcconfig */,
			);
			name = Pods;
			sourceTree = "<group>";
		};
		842627BB1E5D307C00FBD47E = {
			isa = PBXGroup;
			children = (
				842627C61E5D307C00FBD47E /* bookEasy */,
				842627C51E5D307C00FBD47E /* Products */,
				6436A8A3C4E27E58721F73E9 /* Pods */,
				03C6D44750FB006B0243DA46 /* Frameworks */,
			);
			sourceTree = "<group>";
		};
		842627C51E5D307C00FBD47E /* Products */ = {
			isa = PBXGroup;
			children = (
				842627C41E5D307C00FBD47E /* bookEasy.app */,
			);
			name = Products;
			sourceTree = "<group>";
		};
		842627C61E5D307C00FBD47E /* bookEasy */ = {
			isa = PBXGroup;
			children = (
				84B666301E5DCD2A00941CFE /* images */,
				84B6663D1E5DCDA700941CFE /* Developer&Development */,
				842627E11E5D3CAE00FBD47E /* ProjectDetail */,
				84B666251E5D85C000941CFE /* UnitSelection */,
				842627C71E5D307C00FBD47E /* AppDelegate.swift */,
				842627C91E5D307C00FBD47E /* ViewController.swift */,
				842627F31E5D55B100FBD47E /* sign-check-icon.png */,
				842627CE1E5D307C00FBD47E /* Assets.xcassets */,
				842627D01E5D307C00FBD47E /* LaunchScreen.storyboard */,
				842627D31E5D307C00FBD47E /* Info.plist */,
			);
			path = bookEasy;
			sourceTree = "<group>";
		};
		842627E11E5D3CAE00FBD47E /* ProjectDetail */ = {
			isa = PBXGroup;
			children = (
				842627D91E5D3C3300FBD47E /* ProjectDetailViewController.swift */,
				842627DA1E5D3C3300FBD47E /* ProjectDetailViewController.xib */,
				84B666111E5D644400941CFE /* DescriptionTableViewCell.swift */,
				842627E41E5D3D3F00FBD47E /* DescriptionTableViewCell.xib */,
				84B666171E5D6CA200941CFE /* ImagesTableViewCell.swift */,
				84B666181E5D6CA200941CFE /* ImagesTableViewCell.xib */,
				84B666211E5D81F000941CFE /* FloorPlanTableViewCell.swift */,
				84B666221E5D81F000941CFE /* FloorPlanTableViewCell.xib */,
			);
			name = ProjectDetail;
			sourceTree = "<group>";
		};
		84B666251E5D85C000941CFE /* UnitSelection */ = {
			isa = PBXGroup;
			children = (
				84B666261E5D85F600941CFE /* UnitSelectionViewController.swift */,
				84B666271E5D85F600941CFE /* UnitSelectionViewController.xib */,
				84B6662A1E5D8B7F00941CFE /* UnitCollectionViewCell.swift */,
				84B6662B1E5D8B7F00941CFE /* UnitCollectionViewCell.xib */,
			);
			name = UnitSelection;
			sourceTree = "<group>";
		};
		84B666301E5DCD2A00941CFE /* images */ = {
			isa = PBXGroup;
			children = (
				84B6660F1E5D5FB100941CFE /* propertyCover.jpg */,
				84B6661B1E5D6CCE00941CFE /* mapview.png */,
				84B6661D1E5D733F00941CFE /* floorplan.png */,
				84B6661F1E5D78F700941CFE /* playicon.png */,
				84B6662E1E5D8C0700941CFE /* houseicon.png */,
				84B666311E5DCD9300941CFE /* mahsing.png */,
				84B666321E5DCD9300941CFE /* project1.jpeg */,
				84B666331E5DCD9300941CFE /* project2.jpg */,
				84B666341E5DCD9300941CFE /* project3.jpg */,
				84B666351E5DCD9300941CFE /* SmeDarby.gif */,
				84B666361E5DCD9300941CFE /* SP-Setia.png */,
			);
			name = images;
			sourceTree = "<group>";
		};
		84B6663D1E5DCDA700941CFE /* Developer&Development */ = {
			isa = PBXGroup;
			children = (
				84B6663E1E5DCDCB00941CFE /* DeveloperDevelopmentTableViewCell.swift */,
				84B6663F1E5DCDCB00941CFE /* DeveloperDevelopmentTableViewCell.xib */,
				84B666401E5DCDCB00941CFE /* DeveloperDevelopmentViewController.swift */,
				84B666411E5DCDCB00941CFE /* DeveloperViewController.swift */,
				84B666421E5DCDCB00941CFE /* DeveloperViewController.xib */,
				84B666431E5DCDCB00941CFE /* DevelopmentViewController.swift */,
				84B666441E5DCDCB00941CFE /* DevelopmentViewController.xib */,
			);
			name = "Developer&Development";
			sourceTree = "<group>";
		};
/* End PBXGroup section */

/* Begin PBXNativeTarget section */
		842627C31E5D307C00FBD47E /* bookEasy */ = {
			isa = PBXNativeTarget;
			buildConfigurationList = 842627D61E5D307C00FBD47E /* Build configuration list for PBXNativeTarget "bookEasy" */;
			buildPhases = (
				E061805F4EA706163F3EF76B /* [CP] Check Pods Manifest.lock */,
				842627C01E5D307C00FBD47E /* Sources */,
				842627C11E5D307C00FBD47E /* Frameworks */,
				842627C21E5D307C00FBD47E /* Resources */,
				0036224E9C894AC10F582732 /* [CP] Embed Pods Frameworks */,
				8F56AF4BB7E1FC1162DE303F /* [CP] Copy Pods Resources */,
			);
			buildRules = (
			);
			dependencies = (
			);
			name = bookEasy;
			productName = bookEasy;
			productReference = 842627C41E5D307C00FBD47E /* bookEasy.app */;
			productType = "com.apple.product-type.application";
		};
/* End PBXNativeTarget section */

/* Begin PBXProject section */
		842627BC1E5D307C00FBD47E /* Project object */ = {
			isa = PBXProject;
			attributes = {
				LastSwiftUpdateCheck = 0820;
				LastUpgradeCheck = 0820;
				ORGANIZATIONNAME = admin;
				TargetAttributes = {
					842627C31E5D307C00FBD47E = {
						CreatedOnToolsVersion = 8.2.1;
						DevelopmentTeam = 7GRRBTEJPN;
						ProvisioningStyle = Automatic;
					};
				};
			};
			buildConfigurationList = 842627BF1E5D307C00FBD47E /* Build configuration list for PBXProject "bookEasy" */;
			compatibilityVersion = "Xcode 3.2";
			developmentRegion = English;
			hasScannedForEncodings = 0;
			knownRegions = (
				en,
				Base,
			);
			mainGroup = 842627BB1E5D307C00FBD47E;
			productRefGroup = 842627C51E5D307C00FBD47E /* Products */;
			projectDirPath = "";
			projectRoot = "";
			targets = (
				842627C31E5D307C00FBD47E /* bookEasy */,
			);
		};
/* End PBXProject section */

/* Begin PBXResourcesBuildPhase section */
		842627C21E5D307C00FBD47E /* Resources */ = {
			isa = PBXResourcesBuildPhase;
			buildActionMask = 2147483647;
			files = (
				84B6661A1E5D6CA200941CFE /* ImagesTableViewCell.xib in Resources */,
				84B666101E5D5FB100941CFE /* propertyCover.jpg in Resources */,
				84B666241E5D81F000941CFE /* FloorPlanTableViewCell.xib in Resources */,
				84B6663B1E5DCD9300941CFE /* SmeDarby.gif in Resources */,
				84B6662F1E5D8C0700941CFE /* houseicon.png in Resources */,
				84B6661C1E5D6CCE00941CFE /* mapview.png in Resources */,
				842627DC1E5D3C3300FBD47E /* ProjectDetailViewController.xib in Resources */,
				84B666371E5DCD9300941CFE /* mahsing.png in Resources */,
				84B666291E5D85F600941CFE /* UnitSelectionViewController.xib in Resources */,
				842627E61E5D3D3F00FBD47E /* DescriptionTableViewCell.xib in Resources */,
				84B666381E5DCD9300941CFE /* project1.jpeg in Resources */,
				84B666391E5DCD9300941CFE /* project2.jpg in Resources */,
				842627F41E5D55B100FBD47E /* sign-check-icon.png in Resources */,
				84B666461E5DCDCB00941CFE /* DeveloperDevelopmentTableViewCell.xib in Resources */,
				84B6661E1E5D733F00941CFE /* floorplan.png in Resources */,
				84B666491E5DCDCB00941CFE /* DeveloperViewController.xib in Resources */,
				84B666201E5D78F700941CFE /* playicon.png in Resources */,
				842627D21E5D307C00FBD47E /* LaunchScreen.storyboard in Resources */,
				84B6662D1E5D8B7F00941CFE /* UnitCollectionViewCell.xib in Resources */,
				84B6664B1E5DCDCB00941CFE /* DevelopmentViewController.xib in Resources */,
				84B6663C1E5DCD9300941CFE /* SP-Setia.png in Resources */,
				842627CF1E5D307C00FBD47E /* Assets.xcassets in Resources */,
				84B6663A1E5DCD9300941CFE /* project3.jpg in Resources */,
			);
			runOnlyForDeploymentPostprocessing = 0;
		};
/* End PBXResourcesBuildPhase section */

/* Begin PBXShellScriptBuildPhase section */
		0036224E9C894AC10F582732 /* [CP] Embed Pods Frameworks */ = {
			isa = PBXShellScriptBuildPhase;
			buildActionMask = 2147483647;
			files = (
			);
			inputPaths = (
			);
			name = "[CP] Embed Pods Frameworks";
			outputPaths = (
			);
			runOnlyForDeploymentPostprocessing = 0;
			shellPath = /bin/sh;
			shellScript = "\"${SRCROOT}/Pods/Target Support Files/Pods-bookEasy/Pods-bookEasy-frameworks.sh\"\n";
			showEnvVarsInLog = 0;
		};
		8F56AF4BB7E1FC1162DE303F /* [CP] Copy Pods Resources */ = {
			isa = PBXShellScriptBuildPhase;
			buildActionMask = 2147483647;
			files = (
			);
			inputPaths = (
			);
			name = "[CP] Copy Pods Resources";
			outputPaths = (
			);
			runOnlyForDeploymentPostprocessing = 0;
			shellPath = /bin/sh;
			shellScript = "\"${SRCROOT}/Pods/Target Support Files/Pods-bookEasy/Pods-bookEasy-resources.sh\"\n";
			showEnvVarsInLog = 0;
		};
		E061805F4EA706163F3EF76B /* [CP] Check Pods Manifest.lock */ = {
			isa = PBXShellScriptBuildPhase;
			buildActionMask = 2147483647;
			files = (
			);
			inputPaths = (
			);
			name = "[CP] Check Pods Manifest.lock";
			outputPaths = (
			);
			runOnlyForDeploymentPostprocessing = 0;
			shellPath = /bin/sh;
			shellScript = "diff \"${PODS_ROOT}/../Podfile.lock\" \"${PODS_ROOT}/Manifest.lock\" > /dev/null\nif [ $? != 0 ] ; then\n    # print error to STDERR\n    echo \"error: The sandbox is not in sync with the Podfile.lock. Run 'pod install' or update your CocoaPods installation.\" >&2\n    exit 1\nfi\n";
			showEnvVarsInLog = 0;
		};
/* End PBXShellScriptBuildPhase section */

/* Begin PBXSourcesBuildPhase section */
		842627C01E5D307C00FBD47E /* Sources */ = {
			isa = PBXSourcesBuildPhase;
			buildActionMask = 2147483647;
			files = (
				84B6664A1E5DCDCB00941CFE /* DevelopmentViewController.swift in Sources */,
				84B666451E5DCDCB00941CFE /* DeveloperDevelopmentTableViewCell.swift in Sources */,
				842627CA1E5D307C00FBD47E /* ViewController.swift in Sources */,
				84B666481E5DCDCB00941CFE /* DeveloperViewController.swift in Sources */,
				84B666121E5D644400941CFE /* DescriptionTableViewCell.swift in Sources */,
				84B666281E5D85F600941CFE /* UnitSelectionViewController.swift in Sources */,
				842627DB1E5D3C3300FBD47E /* ProjectDetailViewController.swift in Sources */,
				84B666471E5DCDCB00941CFE /* DeveloperDevelopmentViewController.swift in Sources */,
				84B666231E5D81F000941CFE /* FloorPlanTableViewCell.swift in Sources */,
				84B666191E5D6CA200941CFE /* ImagesTableViewCell.swift in Sources */,
				84B6662C1E5D8B7F00941CFE /* UnitCollectionViewCell.swift in Sources */,
				842627C81E5D307C00FBD47E /* AppDelegate.swift in Sources */,
			);
			runOnlyForDeploymentPostprocessing = 0;
		};
/* End PBXSourcesBuildPhase section */

/* Begin PBXVariantGroup section */
		842627D01E5D307C00FBD47E /* LaunchScreen.storyboard */ = {
			isa = PBXVariantGroup;
			children = (
				842627D11E5D307C00FBD47E /* Base */,
			);
			name = LaunchScreen.storyboard;
			sourceTree = "<group>";
		};
/* End PBXVariantGroup section */

/* Begin XCBuildConfiguration section */
		842627D41E5D307C00FBD47E /* Debug */ = {
			isa = XCBuildConfiguration;
			buildSettings = {
				ALWAYS_SEARCH_USER_PATHS = NO;
				CLANG_ANALYZER_NONNULL = YES;
				CLANG_CXX_LANGUAGE_STANDARD = "gnu++0x";
				CLANG_CXX_LIBRARY = "libc++";
				CLANG_ENABLE_MODULES = YES;
				CLANG_ENABLE_OBJC_ARC = YES;
				CLANG_WARN_BOOL_CONVERSION = YES;
				CLANG_WARN_CONSTANT_CONVERSION = YES;
				CLANG_WARN_DIRECT_OBJC_ISA_USAGE = YES_ERROR;
				CLANG_WARN_DOCUMENTATION_COMMENTS = YES;
				CLANG_WARN_EMPTY_BODY = YES;
				CLANG_WARN_ENUM_CONVERSION = YES;
				CLANG_WARN_INFINITE_RECURSION = YES;
				CLANG_WARN_INT_CONVERSION = YES;
				CLANG_WARN_OBJC_ROOT_CLASS = YES_ERROR;
				CLANG_WARN_SUSPICIOUS_MOVE = YES;
				CLANG_WARN_UNREACHABLE_CODE = YES;
				CLANG_WARN__DUPLICATE_METHOD_MATCH = YES;
				"CODE_SIGN_IDENTITY[sdk=iphoneos*]" = "iPhone Developer";
				COPY_PHASE_STRIP = NO;
				DEBUG_INFORMATION_FORMAT = dwarf;
				ENABLE_STRICT_OBJC_MSGSEND = YES;
				ENABLE_TESTABILITY = YES;
				GCC_C_LANGUAGE_STANDARD = gnu99;
				GCC_DYNAMIC_NO_PIC = NO;
				GCC_NO_COMMON_BLOCKS = YES;
				GCC_OPTIMIZATION_LEVEL = 0;
				GCC_PREPROCESSOR_DEFINITIONS = (
					"DEBUG=1",
					"$(inherited)",
				);
				GCC_WARN_64_TO_32_BIT_CONVERSION = YES;
				GCC_WARN_ABOUT_RETURN_TYPE = YES_ERROR;
				GCC_WARN_UNDECLARED_SELECTOR = YES;
				GCC_WARN_UNINITIALIZED_AUTOS = YES_AGGRESSIVE;
				GCC_WARN_UNUSED_FUNCTION = YES;
				GCC_WARN_UNUSED_VARIABLE = YES;
				IPHONEOS_DEPLOYMENT_TARGET = 10.2;
				MTL_ENABLE_DEBUG_INFO = YES;
				ONLY_ACTIVE_ARCH = YES;
				SDKROOT = iphoneos;
				SWIFT_ACTIVE_COMPILATION_CONDITIONS = DEBUG;
				SWIFT_OPTIMIZATION_LEVEL = "-Onone";
			};
			name = Debug;
		};
		842627D51E5D307C00FBD47E /* Release */ = {
			isa = XCBuildConfiguration;
			buildSettings = {
				ALWAYS_SEARCH_USER_PATHS = NO;
				CLANG_ANALYZER_NONNULL = YES;
				CLANG_CXX_LANGUAGE_STANDARD = "gnu++0x";
				CLANG_CXX_LIBRARY = "libc++";
				CLANG_ENABLE_MODULES = YES;
				CLANG_ENABLE_OBJC_ARC = YES;
				CLANG_WARN_BOOL_CONVERSION = YES;
				CLANG_WARN_CONSTANT_CONVERSION = YES;
				CLANG_WARN_DIRECT_OBJC_ISA_USAGE = YES_ERROR;
				CLANG_WARN_DOCUMENTATION_COMMENTS = YES;
				CLANG_WARN_EMPTY_BODY = YES;
				CLANG_WARN_ENUM_CONVERSION = YES;
				CLANG_WARN_INFINITE_RECURSION = YES;
				CLANG_WARN_INT_CONVERSION = YES;
				CLANG_WARN_OBJC_ROOT_CLASS = YES_ERROR;
				CLANG_WARN_SUSPICIOUS_MOVE = YES;
				CLANG_WARN_UNREACHABLE_CODE = YES;
				CLANG_WARN__DUPLICATE_METHOD_MATCH = YES;
				"CODE_SIGN_IDENTITY[sdk=iphoneos*]" = "iPhone Developer";
				COPY_PHASE_STRIP = NO;
				DEBUG_INFORMATION_FORMAT = "dwarf-with-dsym";
				ENABLE_NS_ASSERTIONS = NO;
				ENABLE_STRICT_OBJC_MSGSEND = YES;
				GCC_C_LANGUAGE_STANDARD = gnu99;
				GCC_NO_COMMON_BLOCKS = YES;
				GCC_WARN_64_TO_32_BIT_CONVERSION = YES;
				GCC_WARN_ABOUT_RETURN_TYPE = YES_ERROR;
				GCC_WARN_UNDECLARED_SELECTOR = YES;
				GCC_WARN_UNINITIALIZED_AUTOS = YES_AGGRESSIVE;
				GCC_WARN_UNUSED_FUNCTION = YES;
				GCC_WARN_UNUSED_VARIABLE = YES;
				IPHONEOS_DEPLOYMENT_TARGET = 10.2;
				MTL_ENABLE_DEBUG_INFO = NO;
				SDKROOT = iphoneos;
				SWIFT_OPTIMIZATION_LEVEL = "-Owholemodule";
				VALIDATE_PRODUCT = YES;
			};
			name = Release;
		};
		842627D71E5D307C00FBD47E /* Debug */ = {
			isa = XCBuildConfiguration;
			baseConfigurationReference = 85BB6EBFD75D04F211644073 /* Pods-bookEasy.debug.xcconfig */;
			buildSettings = {
				ASSETCATALOG_COMPILER_APPICON_NAME = AppIcon;
				DEVELOPMENT_TEAM = 7GRRBTEJPN;
				INFOPLIST_FILE = bookEasy/Info.plist;
				IPHONEOS_DEPLOYMENT_TARGET = 10.0;
				LD_RUNPATH_SEARCH_PATHS = "$(inherited) @executable_path/Frameworks";
				PRODUCT_BUNDLE_IDENTIFIER = bookEasy.bookEasy;
				PRODUCT_NAME = "$(TARGET_NAME)";
				SWIFT_VERSION = 3.0;
			};
			name = Debug;
		};
		842627D81E5D307C00FBD47E /* Release */ = {
			isa = XCBuildConfiguration;
			baseConfigurationReference = 901553484F02630F277F3EF5 /* Pods-bookEasy.release.xcconfig */;
			buildSettings = {
				ASSETCATALOG_COMPILER_APPICON_NAME = AppIcon;
				DEVELOPMENT_TEAM = 7GRRBTEJPN;
				INFOPLIST_FILE = bookEasy/Info.plist;
				IPHONEOS_DEPLOYMENT_TARGET = 10.0;
				LD_RUNPATH_SEARCH_PATHS = "$(inherited) @executable_path/Frameworks";
				PRODUCT_BUNDLE_IDENTIFIER = bookEasy.bookEasy;
				PRODUCT_NAME = "$(TARGET_NAME)";
				SWIFT_VERSION = 3.0;
			};
			name = Release;
		};
/* End XCBuildConfiguration section */

/* Begin XCConfigurationList section */
		842627BF1E5D307C00FBD47E /* Build configuration list for PBXProject "bookEasy" */ = {
			isa = XCConfigurationList;
			buildConfigurations = (
				842627D41E5D307C00FBD47E /* Debug */,
				842627D51E5D307C00FBD47E /* Release */,
			);
			defaultConfigurationIsVisible = 0;
			defaultConfigurationName = Release;
		};
		842627D61E5D307C00FBD47E /* Build configuration list for PBXNativeTarget "bookEasy" */ = {
			isa = XCConfigurationList;
			buildConfigurations = (
				842627D71E5D307C00FBD47E /* Debug */,
				842627D81E5D307C00FBD47E /* Release */,
			);
			defaultConfigurationIsVisible = 0;
			defaultConfigurationName = Release;
		};
/* End XCConfigurationList section */
	};
	rootObject = 842627BC1E5D307C00FBD47E /* Project object */;
}
