// !$*UTF8*$!
{
	archiveVersion = 1;
	classes = {
	};
	objectVersion = 46;
	objects = {

/* Begin PBXBuildFile section */
		842627C81E5D307C00FBD47E /* AppDelegate.swift in Sources */ = {isa = PBXBuildFile; fileRef = 842627C71E5D307C00FBD47E /* AppDelegate.swift */; };
		842627CA1E5D307C00FBD47E /* ViewController.swift in Sources */ = {isa = PBXBuildFile; fileRef = 842627C91E5D307C00FBD47E /* ViewController.swift */; };
		842627CD1E5D307C00FBD47E /* Main.storyboard in Resources */ = {isa = PBXBuildFile; fileRef = 842627CB1E5D307C00FBD47E /* Main.storyboard */; };
		842627CF1E5D307C00FBD47E /* Assets.xcassets in Resources */ = {isa = PBXBuildFile; fileRef = 842627CE1E5D307C00FBD47E /* Assets.xcassets */; };
		842627D21E5D307C00FBD47E /* LaunchScreen.storyboard in Resources */ = {isa = PBXBuildFile; fileRef = 842627D01E5D307C00FBD47E /* LaunchScreen.storyboard */; };
/* End PBXBuildFile section */

/* Begin PBXFileReference section */
		842627C41E5D307C00FBD47E /* bookEasy.app */ = {isa = PBXFileReference; explicitFileType = wrapper.application; includeInIndex = 0; path = bookEasy.app; sourceTree = BUILT_PRODUCTS_DIR; };
		842627C71E5D307C00FBD47E /* AppDelegate.swift */ = {isa = PBXFileReference; lastKnownFileType = sourcecode.swift; path = AppDelegate.swift; sourceTree = "<group>"; };
		842627C91E5D307C00FBD47E /* ViewController.swift */ = {isa = PBXFileReference; lastKnownFileType = sourcecode.swift; path = ViewController.swift; sourceTree = "<group>"; };
		842627CC1E5D307C00FBD47E /* Base */ = {isa = PBXFileReference; lastKnownFileType = file.storyboard; name = Base; path = Base.lproj/Main.storyboard; sourceTree = "<group>"; };
		842627CE1E5D307C00FBD47E /* Assets.xcassets */ = {isa = PBXFileReference; lastKnownFileType = folder.assetcatalog; path = Assets.xcassets; sourceTree = "<group>"; };
		842627D11E5D307C00FBD47E /* Base */ = {isa = PBXFileReference; lastKnownFileType = file.storyboard; name = Base; path = Base.lproj/LaunchScreen.storyboard; sourceTree = "<group>"; };
		842627D31E5D307C00FBD47E /* Info.plist */ = {isa = PBXFileReference; lastKnownFileType = text.plist.xml; path = Info.plist; sourceTree = "<group>"; };
/* End PBXFileReference section */

/* Begin PBXFrameworksBuildPhase section */
		842627C11E5D307C00FBD47E /* Frameworks */ = {
			isa = PBXFrameworksBuildPhase;
			buildActionMask = 2147483647;
			files = (
			);
			runOnlyForDeploymentPostprocessing = 0;
		};
/* End PBXFrameworksBuildPhase section */

/* Begin PBXGroup section */
		842627BB1E5D307C00FBD47E = {
			isa = PBXGroup;
			children = (
				842627C61E5D307C00FBD47E /* bookEasy */,
				842627C51E5D307C00FBD47E /* Products */,
			);
			sourceTree = "<group>";
		};
		842627C51E5D307C00FBD47E /* Products */ = {
			isa = PBXGroup;
			children = (
				842627C41E5D307C00FBD47E /* bookEasy.app */,
			);
			name = Products;
			sourceTree = "<group>";
		};
		842627C61E5D307C00FBD47E /* bookEasy */ = {
			isa = PBXGroup;
			children = (
				842627C71E5D307C00FBD47E /* AppDelegate.swift */,
				842627C91E5D307C00FBD47E /* ViewController.swift */,
				842627CB1E5D307C00FBD47E /* Main.storyboard */,
				842627CE1E5D307C00FBD47E /* Assets.xcassets */,
				842627D01E5D307C00FBD47E /* LaunchScreen.storyboard */,
				842627D31E5D307C00FBD47E /* Info.plist */,
			);
			path = bookEasy;
			sourceTree = "<group>";
		};
/* End PBXGroup section */

/* Begin PBXNativeTarget section */
		842627C31E5D307C00FBD47E /* bookEasy */ = {
			isa = PBXNativeTarget;
			buildConfigurationList = 842627D61E5D307C00FBD47E /* Build configuration list for PBXNativeTarget "bookEasy" */;
			buildPhases = (
				842627C01E5D307C00FBD47E /* Sources */,
				842627C11E5D307C00FBD47E /* Frameworks */,
				842627C21E5D307C00FBD47E /* Resources */,
			);
			buildRules = (
			);
			dependencies = (
			);
			name = bookEasy;
			productName = bookEasy;
			productReference = 842627C41E5D307C00FBD47E /* bookEasy.app */;
			productType = "com.apple.product-type.application";
		};
/* End PBXNativeTarget section */

/* Begin PBXProject section */
		842627BC1E5D307C00FBD47E /* Project object */ = {
			isa = PBXProject;
			attributes = {
				LastSwiftUpdateCheck = 0820;
				LastUpgradeCheck = 0820;
				ORGANIZATIONNAME = admin;
				TargetAttributes = {
					842627C31E5D307C00FBD47E = {
						CreatedOnToolsVersion = 8.2.1;
						DevelopmentTeam = 7GRRBTEJPN;
						ProvisioningStyle = Automatic;
					};
				};
			};
			buildConfigurationList = 842627BF1E5D307C00FBD47E /* Build configuration list for PBXProject "bookEasy" */;
			compatibilityVersion = "Xcode 3.2";
			developmentRegion = English;
			hasScannedForEncodings = 0;
			knownRegions = (
				en,
				Base,
			);
			mainGroup = 842627BB1E5D307C00FBD47E;
			productRefGroup = 842627C51E5D307C00FBD47E /* Products */;
			projectDirPath = "";
			projectRoot = "";
			targets = (
				842627C31E5D307C00FBD47E /* bookEasy */,
			);
		};
/* End PBXProject section */

/* Begin PBXResourcesBuildPhase section */
		842627C21E5D307C00FBD47E /* Resources */ = {
			isa = PBXResourcesBuildPhase;
			buildActionMask = 2147483647;
			files = (
				842627D21E5D307C00FBD47E /* LaunchScreen.storyboard in Resources */,
				842627CF1E5D307C00FBD47E /* Assets.xcassets in Resources */,
				842627CD1E5D307C00FBD47E /* Main.storyboard in Resources */,
			);
			runOnlyForDeploymentPostprocessing = 0;
		};
/* End PBXResourcesBuildPhase section */

/* Begin PBXSourcesBuildPhase section */
		842627C01E5D307C00FBD47E /* Sources */ = {
			isa = PBXSourcesBuildPhase;
			buildActionMask = 2147483647;
			files = (
				842627CA1E5D307C00FBD47E /* ViewController.swift in Sources */,
				842627C81E5D307C00FBD47E /* AppDelegate.swift in Sources */,
			);
			runOnlyForDeploymentPostprocessing = 0;
		};
/* End PBXSourcesBuildPhase section */

/* Begin PBXVariantGroup section */
		842627CB1E5D307C00FBD47E /* Main.storyboard */ = {
			isa = PBXVariantGroup;
			children = (
				842627CC1E5D307C00FBD47E /* Base */,
			);
			name = Main.storyboard;
			sourceTree = "<group>";
		};
		842627D01E5D307C00FBD47E /* LaunchScreen.storyboard */ = {
			isa = PBXVariantGroup;
			children = (
				842627D11E5D307C00FBD47E /* Base */,
			);
			name = LaunchScreen.storyboard;
			sourceTree = "<group>";
		};
/* End PBXVariantGroup section */

/* Begin XCBuildConfiguration section */
		842627D41E5D307C00FBD47E /* Debug */ = {
			isa = XCBuildConfiguration;
			buildSettings = {
				ALWAYS_SEARCH_USER_PATHS = NO;
				CLANG_ANALYZER_NONNULL = YES;
				CLANG_CXX_LANGUAGE_STANDARD = "gnu++0x";
				CLANG_CXX_LIBRARY = "libc++";
				CLANG_ENABLE_MODULES = YES;
				CLANG_ENABLE_OBJC_ARC = YES;
				CLANG_WARN_BOOL_CONVERSION = YES;
				CLANG_WARN_CONSTANT_CONVERSION = YES;
				CLANG_WARN_DIRECT_OBJC_ISA_USAGE = YES_ERROR;
				CLANG_WARN_DOCUMENTATION_COMMENTS = YES;
				CLANG_WARN_EMPTY_BODY = YES;
				CLANG_WARN_ENUM_CONVERSION = YES;
				CLANG_WARN_INFINITE_RECURSION = YES;
				CLANG_WARN_INT_CONVERSION = YES;
				CLANG_WARN_OBJC_ROOT_CLASS = YES_ERROR;
				CLANG_WARN_SUSPICIOUS_MOVE = YES;
				CLANG_WARN_UNREACHABLE_CODE = YES;
				CLANG_WARN__DUPLICATE_METHOD_MATCH = YES;
				"CODE_SIGN_IDENTITY[sdk=iphoneos*]" = "iPhone Developer";
				COPY_PHASE_STRIP = NO;
				DEBUG_INFORMATION_FORMAT = dwarf;
				ENABLE_STRICT_OBJC_MSGSEND = YES;
				ENABLE_TESTABILITY = YES;
				GCC_C_LANGUAGE_STANDARD = gnu99;
				GCC_DYNAMIC_NO_PIC = NO;
				GCC_NO_COMMON_BLOCKS = YES;
				GCC_OPTIMIZATION_LEVEL = 0;
				GCC_PREPROCESSOR_DEFINITIONS = (
					"DEBUG=1",
					"$(inherited)",
				);
				GCC_WARN_64_TO_32_BIT_CONVERSION = YES;
				GCC_WARN_ABOUT_RETURN_TYPE = YES_ERROR;
				GCC_WARN_UNDECLARED_SELECTOR = YES;
				GCC_WARN_UNINITIALIZED_AUTOS = YES_AGGRESSIVE;
				GCC_WARN_UNUSED_FUNCTION = YES;
				GCC_WARN_UNUSED_VARIABLE = YES;
				IPHONEOS_DEPLOYMENT_TARGET = 10.2;
				MTL_ENABLE_DEBUG_INFO = YES;
				ONLY_ACTIVE_ARCH = YES;
				SDKROOT = iphoneos;
				SWIFT_ACTIVE_COMPILATION_CONDITIONS = DEBUG;
				SWIFT_OPTIMIZATION_LEVEL = "-Onone";
			};
			name = Debug;
		};
		842627D51E5D307C00FBD47E /* Release */ = {
			isa = XCBuildConfiguration;
			buildSettings = {
				ALWAYS_SEARCH_USER_PATHS = NO;
				CLANG_ANALYZER_NONNULL = YES;
				CLANG_CXX_LANGUAGE_STANDARD = "gnu++0x";
				CLANG_CXX_LIBRARY = "libc++";
				CLANG_ENABLE_MODULES = YES;
				CLANG_ENABLE_OBJC_ARC = YES;
				CLANG_WARN_BOOL_CONVERSION = YES;
				CLANG_WARN_CONSTANT_CONVERSION = YES;
				CLANG_WARN_DIRECT_OBJC_ISA_USAGE = YES_ERROR;
				CLANG_WARN_DOCUMENTATION_COMMENTS = YES;
				CLANG_WARN_EMPTY_BODY = YES;
				CLANG_WARN_ENUM_CONVERSION = YES;
				CLANG_WARN_INFINITE_RECURSION = YES;
				CLANG_WARN_INT_CONVERSION = YES;
				CLANG_WARN_OBJC_ROOT_CLASS = YES_ERROR;
				CLANG_WARN_SUSPICIOUS_MOVE = YES;
				CLANG_WARN_UNREACHABLE_CODE = YES;
				CLANG_WARN__DUPLICATE_METHOD_MATCH = YES;
				"CODE_SIGN_IDENTITY[sdk=iphoneos*]" = "iPhone Developer";
				COPY_PHASE_STRIP = NO;
				DEBUG_INFORMATION_FORMAT = "dwarf-with-dsym";
				ENABLE_NS_ASSERTIONS = NO;
				ENABLE_STRICT_OBJC_MSGSEND = YES;
				GCC_C_LANGUAGE_STANDARD = gnu99;
				GCC_NO_COMMON_BLOCKS = YES;
				GCC_WARN_64_TO_32_BIT_CONVERSION = YES;
				GCC_WARN_ABOUT_RETURN_TYPE = YES_ERROR;
				GCC_WARN_UNDECLARED_SELECTOR = YES;
				GCC_WARN_UNINITIALIZED_AUTOS = YES_AGGRESSIVE;
				GCC_WARN_UNUSED_FUNCTION = YES;
				GCC_WARN_UNUSED_VARIABLE = YES;
				IPHONEOS_DEPLOYMENT_TARGET = 10.2;
				MTL_ENABLE_DEBUG_INFO = NO;
				SDKROOT = iphoneos;
				SWIFT_OPTIMIZATION_LEVEL = "-Owholemodule";
				VALIDATE_PRODUCT = YES;
			};
			name = Release;
		};
		842627D71E5D307C00FBD47E /* Debug */ = {
			isa = XCBuildConfiguration;
			buildSettings = {
				ASSETCATALOG_COMPILER_APPICON_NAME = AppIcon;
				DEVELOPMENT_TEAM = 7GRRBTEJPN;
				INFOPLIST_FILE = bookEasy/Info.plist;
				LD_RUNPATH_SEARCH_PATHS = "$(inherited) @executable_path/Frameworks";
				PRODUCT_BUNDLE_IDENTIFIER = bookEasy.bookEasy;
				PRODUCT_NAME = "$(TARGET_NAME)";
				SWIFT_VERSION = 3.0;
			};
			name = Debug;
		};
		842627D81E5D307C00FBD47E /* Release */ = {
			isa = XCBuildConfiguration;
			buildSettings = {
				ASSETCATALOG_COMPILER_APPICON_NAME = AppIcon;
				DEVELOPMENT_TEAM = 7GRRBTEJPN;
				INFOPLIST_FILE = bookEasy/Info.plist;
				LD_RUNPATH_SEARCH_PATHS = "$(inherited) @executable_path/Frameworks";
				PRODUCT_BUNDLE_IDENTIFIER = bookEasy.bookEasy;
				PRODUCT_NAME = "$(TARGET_NAME)";
				SWIFT_VERSION = 3.0;
			};
			name = Release;
		};
/* End XCBuildConfiguration section */

/* Begin XCConfigurationList section */
		842627BF1E5D307C00FBD47E /* Build configuration list for PBXProject "bookEasy" */ = {
			isa = XCConfigurationList;
			buildConfigurations = (
				842627D41E5D307C00FBD47E /* Debug */,
				842627D51E5D307C00FBD47E /* Release */,
			);
			defaultConfigurationIsVisible = 0;
			defaultConfigurationName = Release;
		};
		842627D61E5D307C00FBD47E /* Build configuration list for PBXNativeTarget "bookEasy" */ = {
			isa = XCConfigurationList;
			buildConfigurations = (
				842627D71E5D307C00FBD47E /* Debug */,
				842627D81E5D307C00FBD47E /* Release */,
			);
			defaultConfigurationIsVisible = 0;
		};
/* End XCConfigurationList section */
	};
	rootObject = 842627BC1E5D307C00FBD47E /* Project object */;
}
